
Microsoft Visual Studio Solution File, Format Version 12.00
Project("{2150E333-8FDC-42A3-9474-1A3956D46DE8}") = "Src", "Src", "{99250FB7-1F8D-47A3-845F-A37C36212455}"
EndProject
Project("{FAE04EC0-301F-11D3-BF4B-00C04F79EFBC}") = "Monitoring", "src\Monitoring.csproj", "{D6C85A8B-B032-479B-B571-5AB966AA0E67}"
EndProject
Project("{2150E333-8FDC-42A3-9474-1A3956D46DE8}") = "Lib", "Lib", "{5980E0E1-DF18-4F2B-8FAD-CBFD778B502A}"
EndProject
Project("{FAE04EC0-301F-11D3-BF4B-00C04F79EFBC}") = "Avalonia.Hosting", "lib\Avalonia.Hosting\Avalonia.Hosting.csproj", "{829DE6B3-328D-4BE5-972B-BF7CFA1A0A69}"
EndProject
Project("{2150E333-8FDC-42A3-9474-1A3956D46DE8}") = "_Solution", "_Solution", "{308540EB-2727-40F5-B07A-2E585618C9F6}"
	ProjectSection(SolutionItems) = preProject
		Directory.Build.props = Directory.Build.props
	EndProjectSection
EndProject
Project("{FAE04EC0-301F-11D3-BF4B-00C04F79EFBC}") = "Avalonia.PdfViewer", "lib\Avalonia.PdfViewer\Avalonia.PdfViewer.csproj", "{2975BCF1-2346-4998-B0B9-20CB865D26D5}"
EndProject
Project("{FAE04EC0-301F-11D3-BF4B-00C04F79EFBC}") = "Avalonia.WebView2", "lib\Avalonia.WebView2\Avalonia.WebView2.csproj", "{36FE4570-47F7-4BBD-99D2-EECE00D4BDAE}"
EndProject
Global
	GlobalSection(SolutionConfigurationPlatforms) = preSolution
		Debug|Any CPU = Debug|Any CPU
		Release|Any CPU = Release|Any CPU
	EndGlobalSection
	GlobalSection(ProjectConfigurationPlatforms) = postSolution
		{D6C85A8B-B032-479B-B571-5AB966AA0E67}.Debug|Any CPU.ActiveCfg = Debug|Any CPU
		{D6C85A8B-B032-479B-B571-5AB966AA0E67}.Debug|Any CPU.Build.0 = Debug|Any CPU
		{D6C85A8B-B032-479B-B571-5AB966AA0E67}.Release|Any CPU.ActiveCfg = Release|Any CPU
		{D6C85A8B-B032-479B-B571-5AB966AA0E67}.Release|Any CPU.Build.0 = Release|Any CPU
		{829DE6B3-328D-4BE5-972B-BF7CFA1A0A69}.Debug|Any CPU.ActiveCfg = Debug|Any CPU
		{829DE6B3-328D-4BE5-972B-BF7CFA1A0A69}.Debug|Any CPU.Build.0 = Debug|Any CPU
		{829DE6B3-328D-4BE5-972B-BF7CFA1A0A69}.Release|Any CPU.ActiveCfg = Release|Any CPU
		{829DE6B3-328D-4BE5-972B-BF7CFA1A0A69}.Release|Any CPU.Build.0 = Release|Any CPU
		{2975BCF1-2346-4998-B0B9-20CB865D26D5}.Debug|Any CPU.ActiveCfg = Debug|Any CPU
		{2975BCF1-2346-4998-B0B9-20CB865D26D5}.Debug|Any CPU.Build.0 = Debug|Any CPU
		{2975BCF1-2346-4998-B0B9-20CB865D26D5}.Release|Any CPU.ActiveCfg = Release|Any CPU
		{2975BCF1-2346-4998-B0B9-20CB865D26D5}.Release|Any CPU.Build.0 = Release|Any CPU
		{36FE4570-47F7-4BBD-99D2-EECE00D4BDAE}.Debug|Any CPU.ActiveCfg = Debug|Any CPU
		{36FE4570-47F7-4BBD-99D2-EECE00D4BDAE}.Debug|Any CPU.Build.0 = Debug|Any CPU
		{36FE4570-47F7-4BBD-99D2-EECE00D4BDAE}.Release|Any CPU.ActiveCfg = Release|Any CPU
		{36FE4570-47F7-4BBD-99D2-EECE00D4BDAE}.Release|Any CPU.Build.0 = Release|Any CPU
	EndGlobalSection
	GlobalSection(NestedProjects) = preSolution
		{D6C85A8B-B032-479B-B571-5AB966AA0E67} = {99250FB7-1F8D-47A3-845F-A37C36212455}
		{829DE6B3-328D-4BE5-972B-BF7CFA1A0A69} = {5980E0E1-DF18-4F2B-8FAD-CBFD778B502A}
		{2975BCF1-2346-4998-B0B9-20CB865D26D5} = {5980E0E1-DF18-4F2B-8FAD-CBFD778B502A}
		{36FE4570-47F7-4BBD-99D2-EECE00D4BDAE} = {5980E0E1-DF18-4F2B-8FAD-CBFD778B502A}
	EndGlobalSection
EndGlobal
